
Microsoft Visual Studio Solution File, Format Version 12.00
# Visual Studio Version 17
VisualStudioVersion = 17.12.35527.113
MinimumVisualStudioVersion = 10.0.40219.1
Project("{2150E333-8FDC-42A3-9474-1A3956D46DE8}") = "src", "src", "{06EA1CA7-ED55-48B6-92ED-195649F5DD87}"
EndProject
Project("{2150E333-8FDC-42A3-9474-1A3956D46DE8}") = "test", "test", "{42166A80-1B0F-4F4F-AB83-4892D9EF3E90}"
EndProject
Project("{2150E333-8FDC-42A3-9474-1A3956D46DE8}") = "Solution items", "Solution items", "{72C0040D-F215-453A-A5E3-9818CAEE84D4}"
	ProjectSection(SolutionItems) = preProject
		docker-compose.Dev.Infrastructure.yaml = docker-compose.Dev.Infrastructure.yaml
		README.md = README.md
	EndProjectSection
EndProject
Project("{FAE04EC0-301F-11D3-BF4B-00C04F79EFBC}") = "DistributedSystem.API", "src\Command\DistributedSystem.API\DistributedSystem.API.csproj", "{628A79C8-29D1-445D-AE6A-B6117AE9E00C}"
EndProject
Project("{FAE04EC0-301F-11D3-BF4B-00C04F79EFBC}") = "DistributedSystem.Domain", "src\Command\DistributedSystem.Domain\DistributedSystem.Domain.csproj", "{574C3E0F-D27C-4AEF-AA98-3174A47B4285}"
EndProject
Project("{FAE04EC0-301F-11D3-BF4B-00C04F79EFBC}") = "DistributedSystem.Application", "src\Command\DistributedSystem.Application\DistributedSystem.Application.csproj", "{03C20F97-BF3A-47A0-AB62-3156D3AD8088}"
EndProject
Project("{FAE04EC0-301F-11D3-BF4B-00C04F79EFBC}") = "DistributedSystem.Infrastructure", "src\Command\DistributedSystem.Infrastructure\DistributedSystem.Infrastructure.csproj", "{558A9C59-62F9-4463-B20D-1E3F8EE8DF20}"
EndProject
Project("{FAE04EC0-301F-11D3-BF4B-00C04F79EFBC}") = "DistributedSystem.Contract", "src\Command\DistributedSystem.Contract\DistributedSystem.Contract.csproj", "{D7B68D4D-CBAA-4168-BBEA-6900F36B2E60}"
EndProject
Project("{FAE04EC0-301F-11D3-BF4B-00C04F79EFBC}") = "DistributedSystem.Persistence", "src\Command\DistributedSystem.Persistence\DistributedSystem.Persistence.csproj", "{629AEB80-8F09-400C-937B-6F9950BCED39}"
EndProject
Project("{FAE04EC0-301F-11D3-BF4B-00C04F79EFBC}") = "DistributedSystem.Presentation", "src\Command\DistributedSystem.Presentation\DistributedSystem.Presentation.csproj", "{305DD654-B837-4333-AB9D-DFB02E3ABF4B}"
EndProject
Project("{2150E333-8FDC-42A3-9474-1A3956D46DE8}") = "Command", "Command", "{373A056F-959E-45F6-AE48-EFABDA247B30}"
EndProject
Project("{2150E333-8FDC-42A3-9474-1A3956D46DE8}") = "Query", "Query", "{6A8D4D58-E268-4CA8-9C08-4B2A633BAA8D}"
EndProject
Project("{2150E333-8FDC-42A3-9474-1A3956D46DE8}") = "ReverseProxy", "ReverseProxy", "{836DB2C1-8CC0-4948-B08D-F82ED146B584}"
EndProject
Project("{2150E333-8FDC-42A3-9474-1A3956D46DE8}") = "Contract", "Contract", "{E2ECBCC0-3A09-4334-B9A1-E438F2365229}"
EndProject
Project("{FAE04EC0-301F-11D3-BF4B-00C04F79EFBC}") = "Query.API", "src\Query\Query.API\Query.API.csproj", "{56FD858B-312F-4DB5-B4E2-0AB0EF57B718}"
EndProject
Project("{FAE04EC0-301F-11D3-BF4B-00C04F79EFBC}") = "Query.Application", "src\Query\Query.Application\Query.Application.csproj", "{E68DC329-E105-4CD9-A951-06445F36B366}"
EndProject
Project("{FAE04EC0-301F-11D3-BF4B-00C04F79EFBC}") = "Query.Domain", "src\Query\Query.Domain\Query.Domain.csproj", "{2535BEC3-345F-49BB-95E4-891078F1FDCD}"
EndProject
Project("{FAE04EC0-301F-11D3-BF4B-00C04F79EFBC}") = "Query.Infrastructure", "src\Query\Query.Infrascructure\Query.Infrastructure.csproj", "{C8E4C13F-413D-424B-83A6-F1F3A3CB72C6}"
EndProject
Project("{FAE04EC0-301F-11D3-BF4B-00C04F79EFBC}") = "Query.Presentation", "src\Query\Query.Presentation\Query.Presentation.csproj", "{BD03D8D8-09D7-4D22-90ED-57B4E3450389}"
EndProject
Project("{FAE04EC0-301F-11D3-BF4B-00C04F79EFBC}") = "Query.Persistence", "src\Query\Query.Persistence\Query.Persistence.csproj", "{499E4EB8-A126-4F00-BA13-E0F15C354D0A}"
EndProject
Project("{FAE04EC0-301F-11D3-BF4B-00C04F79EFBC}") = "ApiGateway", "src\ReverseProxy\ApiGateway\ApiGateway.csproj", "{308C5B97-1127-45C0-903B-1CEA8F40CEA5}"
EndProject
Project("{2150E333-8FDC-42A3-9474-1A3956D46DE8}") = "Authorization", "Authorization", "{EE318F6B-A99C-43E4-923C-BFEAC3B24627}"
EndProject
Project("{FAE04EC0-301F-11D3-BF4B-00C04F79EFBC}") = "AuthorizationApi", "src\Authorization\AuthorizationApi\AuthorizationApi.csproj", "{59B04481-3371-4805-ADD8-FCD070EDC98F}"
EndProject
Global
	GlobalSection(SolutionConfigurationPlatforms) = preSolution
		Debug|Any CPU = Debug|Any CPU
		Release|Any CPU = Release|Any CPU
	EndGlobalSection
	GlobalSection(ProjectConfigurationPlatforms) = postSolution
		{628A79C8-29D1-445D-AE6A-B6117AE9E00C}.Debug|Any CPU.ActiveCfg = Debug|Any CPU
		{628A79C8-29D1-445D-AE6A-B6117AE9E00C}.Debug|Any CPU.Build.0 = Debug|Any CPU
		{628A79C8-29D1-445D-AE6A-B6117AE9E00C}.Release|Any CPU.ActiveCfg = Release|Any CPU
		{628A79C8-29D1-445D-AE6A-B6117AE9E00C}.Release|Any CPU.Build.0 = Release|Any CPU
		{574C3E0F-D27C-4AEF-AA98-3174A47B4285}.Debug|Any CPU.ActiveCfg = Debug|Any CPU
		{574C3E0F-D27C-4AEF-AA98-3174A47B4285}.Debug|Any CPU.Build.0 = Debug|Any CPU
		{574C3E0F-D27C-4AEF-AA98-3174A47B4285}.Release|Any CPU.ActiveCfg = Release|Any CPU
		{574C3E0F-D27C-4AEF-AA98-3174A47B4285}.Release|Any CPU.Build.0 = Release|Any CPU
		{03C20F97-BF3A-47A0-AB62-3156D3AD8088}.Debug|Any CPU.ActiveCfg = Debug|Any CPU
		{03C20F97-BF3A-47A0-AB62-3156D3AD8088}.Debug|Any CPU.Build.0 = Debug|Any CPU
		{03C20F97-BF3A-47A0-AB62-3156D3AD8088}.Release|Any CPU.ActiveCfg = Release|Any CPU
		{03C20F97-BF3A-47A0-AB62-3156D3AD8088}.Release|Any CPU.Build.0 = Release|Any CPU
		{558A9C59-62F9-4463-B20D-1E3F8EE8DF20}.Debug|Any CPU.ActiveCfg = Debug|Any CPU
		{558A9C59-62F9-4463-B20D-1E3F8EE8DF20}.Debug|Any CPU.Build.0 = Debug|Any CPU
		{558A9C59-62F9-4463-B20D-1E3F8EE8DF20}.Release|Any CPU.ActiveCfg = Release|Any CPU
		{558A9C59-62F9-4463-B20D-1E3F8EE8DF20}.Release|Any CPU.Build.0 = Release|Any CPU
		{D7B68D4D-CBAA-4168-BBEA-6900F36B2E60}.Debug|Any CPU.ActiveCfg = Debug|Any CPU
		{D7B68D4D-CBAA-4168-BBEA-6900F36B2E60}.Debug|Any CPU.Build.0 = Debug|Any CPU
		{D7B68D4D-CBAA-4168-BBEA-6900F36B2E60}.Release|Any CPU.ActiveCfg = Release|Any CPU
		{D7B68D4D-CBAA-4168-BBEA-6900F36B2E60}.Release|Any CPU.Build.0 = Release|Any CPU
		{629AEB80-8F09-400C-937B-6F9950BCED39}.Debug|Any CPU.ActiveCfg = Debug|Any CPU
		{629AEB80-8F09-400C-937B-6F9950BCED39}.Debug|Any CPU.Build.0 = Debug|Any CPU
		{629AEB80-8F09-400C-937B-6F9950BCED39}.Release|Any CPU.ActiveCfg = Release|Any CPU
		{629AEB80-8F09-400C-937B-6F9950BCED39}.Release|Any CPU.Build.0 = Release|Any CPU
		{305DD654-B837-4333-AB9D-DFB02E3ABF4B}.Debug|Any CPU.ActiveCfg = Debug|Any CPU
		{305DD654-B837-4333-AB9D-DFB02E3ABF4B}.Debug|Any CPU.Build.0 = Debug|Any CPU
		{305DD654-B837-4333-AB9D-DFB02E3ABF4B}.Release|Any CPU.ActiveCfg = Release|Any CPU
		{305DD654-B837-4333-AB9D-DFB02E3ABF4B}.Release|Any CPU.Build.0 = Release|Any CPU
		{56FD858B-312F-4DB5-B4E2-0AB0EF57B718}.Debug|Any CPU.ActiveCfg = Debug|Any CPU
		{56FD858B-312F-4DB5-B4E2-0AB0EF57B718}.Debug|Any CPU.Build.0 = Debug|Any CPU
		{56FD858B-312F-4DB5-B4E2-0AB0EF57B718}.Release|Any CPU.ActiveCfg = Release|Any CPU
		{56FD858B-312F-4DB5-B4E2-0AB0EF57B718}.Release|Any CPU.Build.0 = Release|Any CPU
		{E68DC329-E105-4CD9-A951-06445F36B366}.Debug|Any CPU.ActiveCfg = Debug|Any CPU
		{E68DC329-E105-4CD9-A951-06445F36B366}.Debug|Any CPU.Build.0 = Debug|Any CPU
		{E68DC329-E105-4CD9-A951-06445F36B366}.Release|Any CPU.ActiveCfg = Release|Any CPU
		{E68DC329-E105-4CD9-A951-06445F36B366}.Release|Any CPU.Build.0 = Release|Any CPU
		{2535BEC3-345F-49BB-95E4-891078F1FDCD}.Debug|Any CPU.ActiveCfg = Debug|Any CPU
		{2535BEC3-345F-49BB-95E4-891078F1FDCD}.Debug|Any CPU.Build.0 = Debug|Any CPU
		{2535BEC3-345F-49BB-95E4-891078F1FDCD}.Release|Any CPU.ActiveCfg = Release|Any CPU
		{2535BEC3-345F-49BB-95E4-891078F1FDCD}.Release|Any CPU.Build.0 = Release|Any CPU
		{C8E4C13F-413D-424B-83A6-F1F3A3CB72C6}.Debug|Any CPU.ActiveCfg = Debug|Any CPU
		{C8E4C13F-413D-424B-83A6-F1F3A3CB72C6}.Debug|Any CPU.Build.0 = Debug|Any CPU
		{C8E4C13F-413D-424B-83A6-F1F3A3CB72C6}.Release|Any CPU.ActiveCfg = Release|Any CPU
		{C8E4C13F-413D-424B-83A6-F1F3A3CB72C6}.Release|Any CPU.Build.0 = Release|Any CPU
		{BD03D8D8-09D7-4D22-90ED-57B4E3450389}.Debug|Any CPU.ActiveCfg = Debug|Any CPU
		{BD03D8D8-09D7-4D22-90ED-57B4E3450389}.Debug|Any CPU.Build.0 = Debug|Any CPU
		{BD03D8D8-09D7-4D22-90ED-57B4E3450389}.Release|Any CPU.ActiveCfg = Release|Any CPU
		{BD03D8D8-09D7-4D22-90ED-57B4E3450389}.Release|Any CPU.Build.0 = Release|Any CPU
		{499E4EB8-A126-4F00-BA13-E0F15C354D0A}.Debug|Any CPU.ActiveCfg = Debug|Any CPU
		{499E4EB8-A126-4F00-BA13-E0F15C354D0A}.Debug|Any CPU.Build.0 = Debug|Any CPU
		{499E4EB8-A126-4F00-BA13-E0F15C354D0A}.Release|Any CPU.ActiveCfg = Release|Any CPU
		{499E4EB8-A126-4F00-BA13-E0F15C354D0A}.Release|Any CPU.Build.0 = Release|Any CPU
		{308C5B97-1127-45C0-903B-1CEA8F40CEA5}.Debug|Any CPU.ActiveCfg = Debug|Any CPU
		{308C5B97-1127-45C0-903B-1CEA8F40CEA5}.Debug|Any CPU.Build.0 = Debug|Any CPU
		{308C5B97-1127-45C0-903B-1CEA8F40CEA5}.Release|Any CPU.ActiveCfg = Release|Any CPU
		{308C5B97-1127-45C0-903B-1CEA8F40CEA5}.Release|Any CPU.Build.0 = Release|Any CPU
		{59B04481-3371-4805-ADD8-FCD070EDC98F}.Debug|Any CPU.ActiveCfg = Debug|Any CPU
		{59B04481-3371-4805-ADD8-FCD070EDC98F}.Debug|Any CPU.Build.0 = Debug|Any CPU
		{59B04481-3371-4805-ADD8-FCD070EDC98F}.Release|Any CPU.ActiveCfg = Release|Any CPU
		{59B04481-3371-4805-ADD8-FCD070EDC98F}.Release|Any CPU.Build.0 = Release|Any CPU
	EndGlobalSection
	GlobalSection(SolutionProperties) = preSolution
		HideSolutionNode = FALSE
	EndGlobalSection
	GlobalSection(NestedProjects) = preSolution
		{628A79C8-29D1-445D-AE6A-B6117AE9E00C} = {373A056F-959E-45F6-AE48-EFABDA247B30}
		{574C3E0F-D27C-4AEF-AA98-3174A47B4285} = {373A056F-959E-45F6-AE48-EFABDA247B30}
		{03C20F97-BF3A-47A0-AB62-3156D3AD8088} = {373A056F-959E-45F6-AE48-EFABDA247B30}
		{558A9C59-62F9-4463-B20D-1E3F8EE8DF20} = {373A056F-959E-45F6-AE48-EFABDA247B30}
		{D7B68D4D-CBAA-4168-BBEA-6900F36B2E60} = {373A056F-959E-45F6-AE48-EFABDA247B30}
		{629AEB80-8F09-400C-937B-6F9950BCED39} = {373A056F-959E-45F6-AE48-EFABDA247B30}
		{305DD654-B837-4333-AB9D-DFB02E3ABF4B} = {373A056F-959E-45F6-AE48-EFABDA247B30}
		{373A056F-959E-45F6-AE48-EFABDA247B30} = {06EA1CA7-ED55-48B6-92ED-195649F5DD87}
		{6A8D4D58-E268-4CA8-9C08-4B2A633BAA8D} = {06EA1CA7-ED55-48B6-92ED-195649F5DD87}
		{836DB2C1-8CC0-4948-B08D-F82ED146B584} = {06EA1CA7-ED55-48B6-92ED-195649F5DD87}
		{E2ECBCC0-3A09-4334-B9A1-E438F2365229} = {06EA1CA7-ED55-48B6-92ED-195649F5DD87}
		{56FD858B-312F-4DB5-B4E2-0AB0EF57B718} = {6A8D4D58-E268-4CA8-9C08-4B2A633BAA8D}
		{E68DC329-E105-4CD9-A951-06445F36B366} = {6A8D4D58-E268-4CA8-9C08-4B2A633BAA8D}
		{2535BEC3-345F-49BB-95E4-891078F1FDCD} = {6A8D4D58-E268-4CA8-9C08-4B2A633BAA8D}
		{C8E4C13F-413D-424B-83A6-F1F3A3CB72C6} = {6A8D4D58-E268-4CA8-9C08-4B2A633BAA8D}
		{BD03D8D8-09D7-4D22-90ED-57B4E3450389} = {6A8D4D58-E268-4CA8-9C08-4B2A633BAA8D}
		{499E4EB8-A126-4F00-BA13-E0F15C354D0A} = {6A8D4D58-E268-4CA8-9C08-4B2A633BAA8D}
		{308C5B97-1127-45C0-903B-1CEA8F40CEA5} = {836DB2C1-8CC0-4948-B08D-F82ED146B584}
		{EE318F6B-A99C-43E4-923C-BFEAC3B24627} = {06EA1CA7-ED55-48B6-92ED-195649F5DD87}
		{59B04481-3371-4805-ADD8-FCD070EDC98F} = {EE318F6B-A99C-43E4-923C-BFEAC3B24627}
	EndGlobalSection
EndGlobal
